
Microsoft Visual Studio Solution File, Format Version 12.00
# Visual Studio Version 17
VisualStudioVersion = 17.0.31919.166
MinimumVisualStudioVersion = 10.0.40219.1
Project("{9A19103F-16F7-4668-BE54-9A1E7A4F7556}") = "DiscordBot", "DiscordBot\DiscordBot.csproj", "{748CAD93-02B0-4254-BA57-3AB12098F3F1}"
EndProject
Project("{9A19103F-16F7-4668-BE54-9A1E7A4F7556}") = "DiscordBot.Services", "DiscordBot.Clients\DiscordBot.Services.csproj", "{BD8DCB33-C601-4831-B5F6-786973C7C0E3}"
EndProject
Project("{9A19103F-16F7-4668-BE54-9A1E7A4F7556}") = "DiscordBot.Model", "DiscordBot.Model\DiscordBot.Model.csproj", "{3FD050BA-EB47-43E6-B70D-344E33FB8E4B}"
EndProject
Project("{9A19103F-16F7-4668-BE54-9A1E7A4F7556}") = "DiscordBot.Services.Interface", "DiscordBot.Clients.Interface\DiscordBot.Services.Interface.csproj", "{ABA031B0-14B0-4301-B5B4-B4D11BA7CE6B}"
EndProject
Global
	GlobalSection(SolutionConfigurationPlatforms) = preSolution
		Debug|Any CPU = Debug|Any CPU
		Release|Any CPU = Release|Any CPU
	EndGlobalSection
	GlobalSection(ProjectConfigurationPlatforms) = postSolution
		{748CAD93-02B0-4254-BA57-3AB12098F3F1}.Debug|Any CPU.ActiveCfg = Debug|Any CPU
		{748CAD93-02B0-4254-BA57-3AB12098F3F1}.Debug|Any CPU.Build.0 = Debug|Any CPU
		{748CAD93-02B0-4254-BA57-3AB12098F3F1}.Release|Any CPU.ActiveCfg = Release|Any CPU
		{748CAD93-02B0-4254-BA57-3AB12098F3F1}.Release|Any CPU.Build.0 = Release|Any CPU
		{BD8DCB33-C601-4831-B5F6-786973C7C0E3}.Debug|Any CPU.ActiveCfg = Debug|Any CPU
		{BD8DCB33-C601-4831-B5F6-786973C7C0E3}.Debug|Any CPU.Build.0 = Debug|Any CPU
		{BD8DCB33-C601-4831-B5F6-786973C7C0E3}.Release|Any CPU.ActiveCfg = Release|Any CPU
		{BD8DCB33-C601-4831-B5F6-786973C7C0E3}.Release|Any CPU.Build.0 = Release|Any CPU
		{3FD050BA-EB47-43E6-B70D-344E33FB8E4B}.Debug|Any CPU.ActiveCfg = Debug|Any CPU
		{3FD050BA-EB47-43E6-B70D-344E33FB8E4B}.Debug|Any CPU.Build.0 = Debug|Any CPU
		{3FD050BA-EB47-43E6-B70D-344E33FB8E4B}.Release|Any CPU.ActiveCfg = Release|Any CPU
		{3FD050BA-EB47-43E6-B70D-344E33FB8E4B}.Release|Any CPU.Build.0 = Release|Any CPU
		{ABA031B0-14B0-4301-B5B4-B4D11BA7CE6B}.Debug|Any CPU.ActiveCfg = Debug|Any CPU
		{ABA031B0-14B0-4301-B5B4-B4D11BA7CE6B}.Debug|Any CPU.Build.0 = Debug|Any CPU
		{ABA031B0-14B0-4301-B5B4-B4D11BA7CE6B}.Release|Any CPU.ActiveCfg = Release|Any CPU
		{ABA031B0-14B0-4301-B5B4-B4D11BA7CE6B}.Release|Any CPU.Build.0 = Release|Any CPU
	EndGlobalSection
	GlobalSection(SolutionProperties) = preSolution
		HideSolutionNode = FALSE
	EndGlobalSection
	GlobalSection(ExtensibilityGlobals) = postSolution
		SolutionGuid = {21437606-17B6-48E4-A705-159AC3917241}
	EndGlobalSection
EndGlobal
