
Microsoft Visual Studio Solution File, Format Version 12.00
# Visual Studio Version 17
VisualStudioVersion = 17.0.31919.166
MinimumVisualStudioVersion = 10.0.40219.1
Project("{9A19103F-16F7-4668-BE54-9A1E7A4F7556}") = "DiscordBot", "DiscordBot\DiscordBot.csproj", "{748CAD93-02B0-4254-BA57-3AB12098F3F1}"
EndProject
Project("{9A19103F-16F7-4668-BE54-9A1E7A4F7556}") = "DiscordBot.Services", "DiscordBot.Services\DiscordBot.Services.csproj", "{BD8DCB33-C601-4831-B5F6-786973C7C0E3}"
EndProject
Project("{9A19103F-16F7-4668-BE54-9A1E7A4F7556}") = "DiscordBot.Features", "DiscordBot.Features\DiscordBot.Features.csproj", "{1AA1A289-0286-46C2-865A-0A6C50A4693B}"
EndProject
Project("{FAE04EC0-301F-11D3-BF4B-00C04F79EFBC}") = "DiscordBot.Common", "DiscordBot.Common\DiscordBot.Common.csproj", "{D40C8E14-386F-4E89-A1D1-BB0239C03239}"
EndProject
Global
	GlobalSection(SolutionConfigurationPlatforms) = preSolution
		Debug|Any CPU = Debug|Any CPU
		Release|Any CPU = Release|Any CPU
	EndGlobalSection
	GlobalSection(ProjectConfigurationPlatforms) = postSolution
		{748CAD93-02B0-4254-BA57-3AB12098F3F1}.Debug|Any CPU.ActiveCfg = Debug|Any CPU
		{748CAD93-02B0-4254-BA57-3AB12098F3F1}.Debug|Any CPU.Build.0 = Debug|Any CPU
		{748CAD93-02B0-4254-BA57-3AB12098F3F1}.Release|Any CPU.ActiveCfg = Release|Any CPU
		{748CAD93-02B0-4254-BA57-3AB12098F3F1}.Release|Any CPU.Build.0 = Release|Any CPU
		{BD8DCB33-C601-4831-B5F6-786973C7C0E3}.Debug|Any CPU.ActiveCfg = Debug|Any CPU
		{BD8DCB33-C601-4831-B5F6-786973C7C0E3}.Debug|Any CPU.Build.0 = Debug|Any CPU
		{BD8DCB33-C601-4831-B5F6-786973C7C0E3}.Release|Any CPU.ActiveCfg = Release|Any CPU
		{BD8DCB33-C601-4831-B5F6-786973C7C0E3}.Release|Any CPU.Build.0 = Release|Any CPU
		{1AA1A289-0286-46C2-865A-0A6C50A4693B}.Debug|Any CPU.ActiveCfg = Debug|Any CPU
		{1AA1A289-0286-46C2-865A-0A6C50A4693B}.Debug|Any CPU.Build.0 = Debug|Any CPU
		{1AA1A289-0286-46C2-865A-0A6C50A4693B}.Release|Any CPU.ActiveCfg = Release|Any CPU
		{1AA1A289-0286-46C2-865A-0A6C50A4693B}.Release|Any CPU.Build.0 = Release|Any CPU
		{D40C8E14-386F-4E89-A1D1-BB0239C03239}.Debug|Any CPU.ActiveCfg = Debug|Any CPU
		{D40C8E14-386F-4E89-A1D1-BB0239C03239}.Debug|Any CPU.Build.0 = Debug|Any CPU
		{D40C8E14-386F-4E89-A1D1-BB0239C03239}.Release|Any CPU.ActiveCfg = Release|Any CPU
		{D40C8E14-386F-4E89-A1D1-BB0239C03239}.Release|Any CPU.Build.0 = Release|Any CPU
	EndGlobalSection
	GlobalSection(SolutionProperties) = preSolution
		HideSolutionNode = FALSE
	EndGlobalSection
	GlobalSection(ExtensibilityGlobals) = postSolution
		SolutionGuid = {21437606-17B6-48E4-A705-159AC3917241}
	EndGlobalSection
EndGlobal
